
Microsoft Visual Studio Solution File, Format Version 12.00
# Visual Studio Version 17
VisualStudioVersion = 17.0.31717.71
MinimumVisualStudioVersion = 10.0.40219.1
Project("{9A19103F-16F7-4668-BE54-9A1E7A4F7556}") = "LunchMaster.Web.BlazorClient", "LunchMaster.Web.BlazorClient.csproj", "{12B223A9-C784-46BF-869D-8E799CEFC251}"
EndProject
Global
	GlobalSection(SolutionConfigurationPlatforms) = preSolution
		Debug|Any CPU = Debug|Any CPU
		Release|Any CPU = Release|Any CPU
	EndGlobalSection
	GlobalSection(ProjectConfigurationPlatforms) = postSolution
		{12B223A9-C784-46BF-869D-8E799CEFC251}.Debug|Any CPU.ActiveCfg = Debug|Any CPU
		{12B223A9-C784-46BF-869D-8E799CEFC251}.Debug|Any CPU.Build.0 = Debug|Any CPU
		{12B223A9-C784-46BF-869D-8E799CEFC251}.Release|Any CPU.ActiveCfg = Release|Any CPU
		{12B223A9-C784-46BF-869D-8E799CEFC251}.Release|Any CPU.Build.0 = Release|Any CPU
	EndGlobalSection
	GlobalSection(SolutionProperties) = preSolution
		HideSolutionNode = FALSE
	EndGlobalSection
	GlobalSection(ExtensibilityGlobals) = postSolution
		SolutionGuid = {0F8658ED-EFFB-44F6-AD76-07DB62D79A62}
	EndGlobalSection
EndGlobal